
Microsoft Visual Studio Solution File, Format Version 12.00
# Visual Studio Version 17
VisualStudioVersion = 17.1.32228.430
MinimumVisualStudioVersion = 10.0.40219.1
Project("{9A19103F-16F7-4668-BE54-9A1E7A4F7556}") = "Semester_Project", "Semester_Project\Semester_Project.csproj", "{9997BEA2-5DD0-44A6-8791-FAC704020161}"
EndProject
Project("{FAE04EC0-301F-11D3-BF4B-00C04F79EFBC}") = "Calculator", "..\..\..\..\..\Downloads\Calculator-C-Sharp-NUnit-master\Calculator-C-Sharp-NUnit-master\Calculator\Calculator.csproj", "{DD6BE815-A4FF-433A-B38C-4F97989713E9}"
EndProject
Global
	GlobalSection(SolutionConfigurationPlatforms) = preSolution
		Debug|Any CPU = Debug|Any CPU
		Release|Any CPU = Release|Any CPU
	EndGlobalSection
	GlobalSection(ProjectConfigurationPlatforms) = postSolution
		{9997BEA2-5DD0-44A6-8791-FAC704020161}.Debug|Any CPU.ActiveCfg = Debug|Any CPU
		{9997BEA2-5DD0-44A6-8791-FAC704020161}.Debug|Any CPU.Build.0 = Debug|Any CPU
		{9997BEA2-5DD0-44A6-8791-FAC704020161}.Release|Any CPU.ActiveCfg = Release|Any CPU
		{9997BEA2-5DD0-44A6-8791-FAC704020161}.Release|Any CPU.Build.0 = Release|Any CPU
		{DD6BE815-A4FF-433A-B38C-4F97989713E9}.Debug|Any CPU.ActiveCfg = Debug|Any CPU
		{DD6BE815-A4FF-433A-B38C-4F97989713E9}.Debug|Any CPU.Build.0 = Debug|Any CPU
		{DD6BE815-A4FF-433A-B38C-4F97989713E9}.Release|Any CPU.ActiveCfg = Release|Any CPU
		{DD6BE815-A4FF-433A-B38C-4F97989713E9}.Release|Any CPU.Build.0 = Release|Any CPU
	EndGlobalSection
	GlobalSection(SolutionProperties) = preSolution
		HideSolutionNode = FALSE
	EndGlobalSection
	GlobalSection(ExtensibilityGlobals) = postSolution
		SolutionGuid = {2C349062-4F06-4980-8683-474599265DF1}
	EndGlobalSection
EndGlobal
